
Microsoft Visual Studio Solution File, Format Version 12.00
# Visual Studio 15
VisualStudioVersion = 15.0.28307.421
MinimumVisualStudioVersion = 10.0.40219.1
Project("{8BC9CEB8-8B4A-11D0-8D11-00A0C91BC942}") = "freeglut", "thirdparty\freeglut-3.2.2\freeglut.vcxproj", "{28F7C5B7-25FC-37CE-A84F-BA780B959717}"
EndProject
Project("{2150E333-8FDC-42A3-9474-1A3956D46DE8}") = "0_thirdparty", "0_thirdparty", "{3C27CFE4-DE93-4BA1-AEC8-2FEE48B268D3}"
EndProject
Project("{2150E333-8FDC-42A3-9474-1A3956D46DE8}") = "1_demo", "1_demo", "{06C818CA-711F-4D27-979C-12B72887B8D9}"
EndProject
Project("{8BC9CEB8-8B4A-11D0-8D11-00A0C91BC942}") = "libfreeglut", "thirdparty\freeglut-3.2.2\libfreeglut.vcxproj", "{D75C1478-9C2D-3245-92AB-BA6BCA09A05C}"
EndProject
Project("{8BC9CEB8-8B4A-11D0-8D11-00A0C91BC942}") = "CallbackMaker", "demo\progs\demos\CallbackMaker\CallbackMaker.vcxproj", "{786AE4D9-37D3-358B-B660-CD1CD645DBE0}"
EndProject
Project("{8BC9CEB8-8B4A-11D0-8D11-00A0C91BC942}") = "CallbackMaker_static", "demo\progs\demos\CallbackMaker\CallbackMaker_static.vcxproj", "{C7A104F0-E331-367E-BC25-8D01C28F4468}"
EndProject
Project("{2150E333-8FDC-42A3-9474-1A3956D46DE8}") = "CallbackMaker", "CallbackMaker", "{916CA19E-BC7C-4803-B636-57D85ED13ECE}"
EndProject
Project("{2150E333-8FDC-42A3-9474-1A3956D46DE8}") = "Fractals", "Fractals", "{12F7A9C0-480C-45BA-B8B7-BC97DAFC759D}"
EndProject
Project("{8BC9CEB8-8B4A-11D0-8D11-00A0C91BC942}") = "Fractals", "demo\progs\demos\Fractals\Fractals.vcxproj", "{004BB72D-69A8-3012-AAE8-BD6244B94E50}"
EndProject
Project("{8BC9CEB8-8B4A-11D0-8D11-00A0C91BC942}") = "Fractals_static", "demo\progs\demos\Fractals\Fractals_static.vcxproj", "{5CE77063-E39C-3F08-A7F2-271E67B5EEDF}"
EndProject
Project("{2150E333-8FDC-42A3-9474-1A3956D46DE8}") = "Fractals_random", "Fractals_random", "{EC6A1C16-EBA3-4927-99AA-12C47CD86955}"
EndProject
Project("{8BC9CEB8-8B4A-11D0-8D11-00A0C91BC942}") = "Fractals_random", "demo\progs\demos\Fractals_random\Fractals_random.vcxproj", "{1138085E-4459-3E1D-9B12-83FC8CC56FC2}"
EndProject
Project("{8BC9CEB8-8B4A-11D0-8D11-00A0C91BC942}") = "Fractals_random_static", "demo\progs\demos\Fractals_random\Fractals_random_static.vcxproj", "{73897C89-CE5B-323E-9E27-405265EA6C04}"
EndProject
Project("{2150E333-8FDC-42A3-9474-1A3956D46DE8}") = "Lorenz", "Lorenz", "{B3083858-B428-4043-A154-396524838A8D}"
EndProject
Project("{8BC9CEB8-8B4A-11D0-8D11-00A0C91BC942}") = "Lorenz", "demo\progs\demos\Lorenz\Lorenz.vcxproj", "{5908930D-1129-30C7-B409-1235C15C9C15}"
EndProject
Project("{8BC9CEB8-8B4A-11D0-8D11-00A0C91BC942}") = "Lorenz_static", "demo\progs\demos\Lorenz\Lorenz_static.vcxproj", "{F57A7FF2-2934-30D3-BEE0-2D4C4D6B418E}"
EndProject
Project("{2150E333-8FDC-42A3-9474-1A3956D46DE8}") = "multi-touch", "multi-touch", "{A67B53E5-0CEF-4785-8970-712B4C62C9DB}"
EndProject
Project("{8BC9CEB8-8B4A-11D0-8D11-00A0C91BC942}") = "multi-touch", "demo\progs\demos\multi-touch\multi-touch.vcxproj", "{B78A2E43-ED4A-3B30-9C7E-392CE02505B3}"
EndProject
Project("{8BC9CEB8-8B4A-11D0-8D11-00A0C91BC942}") = "multi-touch_static", "demo\progs\demos\multi-touch\multi-touch_static.vcxproj", "{ED700743-7F66-36BA-BD91-B0A3714EEF8B}"
EndProject
Project("{2150E333-8FDC-42A3-9474-1A3956D46DE8}") = "One", "One", "{443CF5FC-F297-4115-B327-DBD9BB99F136}"
EndProject
Project("{8BC9CEB8-8B4A-11D0-8D11-00A0C91BC942}") = "One", "demo\progs\demos\One\One.vcxproj", "{44592D2E-7C48-3A6D-9D86-2C4D16F63FF7}"
EndProject
Project("{8BC9CEB8-8B4A-11D0-8D11-00A0C91BC942}") = "One_static", "demo\progs\demos\One\One_static.vcxproj", "{2A6B639C-2C3A-3907-A84B-294F861F3575}"
EndProject
Project("{2150E333-8FDC-42A3-9474-1A3956D46DE8}") = "Resizer", "Resizer", "{FCED881B-7DE7-48A2-94CD-6203C82BACBF}"
EndProject
Project("{8BC9CEB8-8B4A-11D0-8D11-00A0C91BC942}") = "Resizer", "demo\progs\demos\Resizer\Resizer.vcxproj", "{B2C60A44-F5A1-3A4D-B28F-205572073529}"
EndProject
Project("{8BC9CEB8-8B4A-11D0-8D11-00A0C91BC942}") = "Resizer_static", "demo\progs\demos\Resizer\Resizer_static.vcxproj", "{BFCEA3E4-D5BF-3971-BAD8-9B293D9E139F}"
EndProject
Project("{2150E333-8FDC-42A3-9474-1A3956D46DE8}") = "shapes", "shapes", "{C097BCA2-4C53-4C72-83FE-39105962F884}"
EndProject
Project("{8BC9CEB8-8B4A-11D0-8D11-00A0C91BC942}") = "shapes", "demo\progs\demos\shapes\shapes.vcxproj", "{3854FDDA-6D5C-3C09-A43D-A2C5D17ED974}"
EndProject
Project("{8BC9CEB8-8B4A-11D0-8D11-00A0C91BC942}") = "shapes_static", "demo\progs\demos\shapes\shapes_static.vcxproj", "{8BEB7E49-991A-380A-BDE9-296855FF81ED}"
EndProject
Project("{2150E333-8FDC-42A3-9474-1A3956D46DE8}") = "smooth_opengl3", "smooth_opengl3", "{87B81CDF-E901-4B0A-98C1-A92B4FF65E04}"
EndProject
Project("{8BC9CEB8-8B4A-11D0-8D11-00A0C91BC942}") = "smooth_opengl3", "demo\progs\demos\smooth_opengl3\smooth_opengl3.vcxproj", "{AA5B4A5A-9944-3FBE-AB0D-671E0E82548C}"
EndProject
Project("{8BC9CEB8-8B4A-11D0-8D11-00A0C91BC942}") = "smooth_opengl3_static", "demo\progs\demos\smooth_opengl3\smooth_opengl3_static.vcxproj", "{5710EAA0-CF55-3D95-9CD3-A4049615B9EF}"
EndProject
Project("{2150E333-8FDC-42A3-9474-1A3956D46DE8}") = "subwin", "subwin", "{34ABB709-0C91-4940-92AC-DAB1F29BC905}"
EndProject
Project("{8BC9CEB8-8B4A-11D0-8D11-00A0C91BC942}") = "subwin", "demo\progs\demos\subwin\subwin.vcxproj", "{FF5C60B9-2FD6-36AC-A509-5C94EDF34BE0}"
EndProject
Project("{8BC9CEB8-8B4A-11D0-8D11-00A0C91BC942}") = "subwin_static", "demo\progs\demos\subwin\subwin_static.vcxproj", "{7D0C61E3-0AA3-381C-8DC3-AF0AFBD31D26}"
EndProject
Project("{2150E333-8FDC-42A3-9474-1A3956D46DE8}") = "timer", "timer", "{543D8E69-7632-4500-8E37-6E510DFE91F6}"
EndProject
Project("{8BC9CEB8-8B4A-11D0-8D11-00A0C91BC942}") = "timer", "demo\progs\demos\timer\timer.vcxproj", "{DCFBC6A8-05C8-3E1C-A192-3314A50BDFB3}"
EndProject
Project("{8BC9CEB8-8B4A-11D0-8D11-00A0C91BC942}") = "timer_static", "demo\progs\demos\timer\timer_static.vcxproj", "{4E81E355-F6C1-38C0-A90F-5F7895C7B3BD}"
EndProject
Project("{2150E333-8FDC-42A3-9474-1A3956D46DE8}") = "timer_callback", "timer_callback", "{2776258E-48EA-46B9-A2C4-FC741969F66F}"
EndProject
Project("{8BC9CEB8-8B4A-11D0-8D11-00A0C91BC942}") = "timer_callback", "demo\progs\demos\timer_callback\timer_callback.vcxproj", "{53A5F1C4-A562-36F7-B728-287CCA41ED8D}"
EndProject
Project("{8BC9CEB8-8B4A-11D0-8D11-00A0C91BC942}") = "timer_callback_static", "demo\progs\demos\timer_callback\timer_callback_static.vcxproj", "{7AE0437F-2A8C-3C92-B948-B43F1D548112}"
EndProject
Global
	GlobalSection(SolutionConfigurationPlatforms) = preSolution
		Debug|x64 = Debug|x64
		Release|x64 = Release|x64
	EndGlobalSection
	GlobalSection(ProjectConfigurationPlatforms) = postSolution
		{28F7C5B7-25FC-37CE-A84F-BA780B959717}.Debug|x64.ActiveCfg = Debug|x64
		{28F7C5B7-25FC-37CE-A84F-BA780B959717}.Debug|x64.Build.0 = Debug|x64
		{28F7C5B7-25FC-37CE-A84F-BA780B959717}.Release|x64.ActiveCfg = Release|x64
		{28F7C5B7-25FC-37CE-A84F-BA780B959717}.Release|x64.Build.0 = Release|x64
		{D75C1478-9C2D-3245-92AB-BA6BCA09A05C}.Debug|x64.ActiveCfg = Debug|x64
		{D75C1478-9C2D-3245-92AB-BA6BCA09A05C}.Debug|x64.Build.0 = Debug|x64
		{D75C1478-9C2D-3245-92AB-BA6BCA09A05C}.Release|x64.ActiveCfg = Release|x64
		{D75C1478-9C2D-3245-92AB-BA6BCA09A05C}.Release|x64.Build.0 = Release|x64
		{786AE4D9-37D3-358B-B660-CD1CD645DBE0}.Debug|x64.ActiveCfg = Debug|x64
		{786AE4D9-37D3-358B-B660-CD1CD645DBE0}.Debug|x64.Build.0 = Debug|x64
		{786AE4D9-37D3-358B-B660-CD1CD645DBE0}.Release|x64.ActiveCfg = Release|x64
		{786AE4D9-37D3-358B-B660-CD1CD645DBE0}.Release|x64.Build.0 = Release|x64
		{C7A104F0-E331-367E-BC25-8D01C28F4468}.Debug|x64.ActiveCfg = Debug|x64
		{C7A104F0-E331-367E-BC25-8D01C28F4468}.Debug|x64.Build.0 = Debug|x64
		{C7A104F0-E331-367E-BC25-8D01C28F4468}.Release|x64.ActiveCfg = Release|x64
		{C7A104F0-E331-367E-BC25-8D01C28F4468}.Release|x64.Build.0 = Release|x64
		{004BB72D-69A8-3012-AAE8-BD6244B94E50}.Debug|x64.ActiveCfg = Debug|x64
		{004BB72D-69A8-3012-AAE8-BD6244B94E50}.Debug|x64.Build.0 = Debug|x64
		{004BB72D-69A8-3012-AAE8-BD6244B94E50}.Release|x64.ActiveCfg = Release|x64
		{004BB72D-69A8-3012-AAE8-BD6244B94E50}.Release|x64.Build.0 = Release|x64
		{5CE77063-E39C-3F08-A7F2-271E67B5EEDF}.Debug|x64.ActiveCfg = Debug|x64
		{5CE77063-E39C-3F08-A7F2-271E67B5EEDF}.Debug|x64.Build.0 = Debug|x64
		{5CE77063-E39C-3F08-A7F2-271E67B5EEDF}.Release|x64.ActiveCfg = Release|x64
		{5CE77063-E39C-3F08-A7F2-271E67B5EEDF}.Release|x64.Build.0 = Release|x64
		{1138085E-4459-3E1D-9B12-83FC8CC56FC2}.Debug|x64.ActiveCfg = Debug|x64
		{1138085E-4459-3E1D-9B12-83FC8CC56FC2}.Debug|x64.Build.0 = Debug|x64
		{1138085E-4459-3E1D-9B12-83FC8CC56FC2}.Release|x64.ActiveCfg = Release|x64
		{1138085E-4459-3E1D-9B12-83FC8CC56FC2}.Release|x64.Build.0 = Release|x64
		{73897C89-CE5B-323E-9E27-405265EA6C04}.Debug|x64.ActiveCfg = Debug|x64
		{73897C89-CE5B-323E-9E27-405265EA6C04}.Debug|x64.Build.0 = Debug|x64
		{73897C89-CE5B-323E-9E27-405265EA6C04}.Release|x64.ActiveCfg = Release|x64
		{73897C89-CE5B-323E-9E27-405265EA6C04}.Release|x64.Build.0 = Release|x64
		{5908930D-1129-30C7-B409-1235C15C9C15}.Debug|x64.ActiveCfg = Debug|x64
		{5908930D-1129-30C7-B409-1235C15C9C15}.Debug|x64.Build.0 = Debug|x64
		{5908930D-1129-30C7-B409-1235C15C9C15}.Release|x64.ActiveCfg = Release|x64
		{5908930D-1129-30C7-B409-1235C15C9C15}.Release|x64.Build.0 = Release|x64
		{F57A7FF2-2934-30D3-BEE0-2D4C4D6B418E}.Debug|x64.ActiveCfg = Debug|x64
		{F57A7FF2-2934-30D3-BEE0-2D4C4D6B418E}.Debug|x64.Build.0 = Debug|x64
		{F57A7FF2-2934-30D3-BEE0-2D4C4D6B418E}.Release|x64.ActiveCfg = Release|x64
		{F57A7FF2-2934-30D3-BEE0-2D4C4D6B418E}.Release|x64.Build.0 = Release|x64
		{B78A2E43-ED4A-3B30-9C7E-392CE02505B3}.Debug|x64.ActiveCfg = Debug|x64
		{B78A2E43-ED4A-3B30-9C7E-392CE02505B3}.Debug|x64.Build.0 = Debug|x64
		{B78A2E43-ED4A-3B30-9C7E-392CE02505B3}.Release|x64.ActiveCfg = Release|x64
		{B78A2E43-ED4A-3B30-9C7E-392CE02505B3}.Release|x64.Build.0 = Release|x64
		{ED700743-7F66-36BA-BD91-B0A3714EEF8B}.Debug|x64.ActiveCfg = Debug|x64
		{ED700743-7F66-36BA-BD91-B0A3714EEF8B}.Debug|x64.Build.0 = Debug|x64
		{ED700743-7F66-36BA-BD91-B0A3714EEF8B}.Release|x64.ActiveCfg = Release|x64
		{ED700743-7F66-36BA-BD91-B0A3714EEF8B}.Release|x64.Build.0 = Release|x64
		{44592D2E-7C48-3A6D-9D86-2C4D16F63FF7}.Debug|x64.ActiveCfg = Debug|x64
		{44592D2E-7C48-3A6D-9D86-2C4D16F63FF7}.Debug|x64.Build.0 = Debug|x64
		{44592D2E-7C48-3A6D-9D86-2C4D16F63FF7}.Release|x64.ActiveCfg = Release|x64
		{44592D2E-7C48-3A6D-9D86-2C4D16F63FF7}.Release|x64.Build.0 = Release|x64
		{2A6B639C-2C3A-3907-A84B-294F861F3575}.Debug|x64.ActiveCfg = Debug|x64
		{2A6B639C-2C3A-3907-A84B-294F861F3575}.Debug|x64.Build.0 = Debug|x64
		{2A6B639C-2C3A-3907-A84B-294F861F3575}.Release|x64.ActiveCfg = Release|x64
		{2A6B639C-2C3A-3907-A84B-294F861F3575}.Release|x64.Build.0 = Release|x64
		{B2C60A44-F5A1-3A4D-B28F-205572073529}.Debug|x64.ActiveCfg = Debug|x64
		{B2C60A44-F5A1-3A4D-B28F-205572073529}.Debug|x64.Build.0 = Debug|x64
		{B2C60A44-F5A1-3A4D-B28F-205572073529}.Release|x64.ActiveCfg = Release|x64
		{B2C60A44-F5A1-3A4D-B28F-205572073529}.Release|x64.Build.0 = Release|x64
		{BFCEA3E4-D5BF-3971-BAD8-9B293D9E139F}.Debug|x64.ActiveCfg = Debug|x64
		{BFCEA3E4-D5BF-3971-BAD8-9B293D9E139F}.Debug|x64.Build.0 = Debug|x64
		{BFCEA3E4-D5BF-3971-BAD8-9B293D9E139F}.Release|x64.ActiveCfg = Release|x64
		{BFCEA3E4-D5BF-3971-BAD8-9B293D9E139F}.Release|x64.Build.0 = Release|x64
		{3854FDDA-6D5C-3C09-A43D-A2C5D17ED974}.Debug|x64.ActiveCfg = Debug|x64
		{3854FDDA-6D5C-3C09-A43D-A2C5D17ED974}.Debug|x64.Build.0 = Debug|x64
		{3854FDDA-6D5C-3C09-A43D-A2C5D17ED974}.Release|x64.ActiveCfg = Release|x64
		{3854FDDA-6D5C-3C09-A43D-A2C5D17ED974}.Release|x64.Build.0 = Release|x64
		{8BEB7E49-991A-380A-BDE9-296855FF81ED}.Debug|x64.ActiveCfg = Debug|x64
		{8BEB7E49-991A-380A-BDE9-296855FF81ED}.Debug|x64.Build.0 = Debug|x64
		{8BEB7E49-991A-380A-BDE9-296855FF81ED}.Release|x64.ActiveCfg = Release|x64
		{8BEB7E49-991A-380A-BDE9-296855FF81ED}.Release|x64.Build.0 = Release|x64
		{AA5B4A5A-9944-3FBE-AB0D-671E0E82548C}.Debug|x64.ActiveCfg = Debug|x64
		{AA5B4A5A-9944-3FBE-AB0D-671E0E82548C}.Debug|x64.Build.0 = Debug|x64
		{AA5B4A5A-9944-3FBE-AB0D-671E0E82548C}.Release|x64.ActiveCfg = Release|x64
		{AA5B4A5A-9944-3FBE-AB0D-671E0E82548C}.Release|x64.Build.0 = Release|x64
		{5710EAA0-CF55-3D95-9CD3-A4049615B9EF}.Debug|x64.ActiveCfg = Debug|x64
		{5710EAA0-CF55-3D95-9CD3-A4049615B9EF}.Debug|x64.Build.0 = Debug|x64
		{5710EAA0-CF55-3D95-9CD3-A4049615B9EF}.Release|x64.ActiveCfg = Release|x64
		{5710EAA0-CF55-3D95-9CD3-A4049615B9EF}.Release|x64.Build.0 = Release|x64
		{FF5C60B9-2FD6-36AC-A509-5C94EDF34BE0}.Debug|x64.ActiveCfg = Debug|x64
		{FF5C60B9-2FD6-36AC-A509-5C94EDF34BE0}.Debug|x64.Build.0 = Debug|x64
		{FF5C60B9-2FD6-36AC-A509-5C94EDF34BE0}.Release|x64.ActiveCfg = Release|x64
		{FF5C60B9-2FD6-36AC-A509-5C94EDF34BE0}.Release|x64.Build.0 = Release|x64
		{7D0C61E3-0AA3-381C-8DC3-AF0AFBD31D26}.Debug|x64.ActiveCfg = Debug|x64
		{7D0C61E3-0AA3-381C-8DC3-AF0AFBD31D26}.Debug|x64.Build.0 = Debug|x64
		{7D0C61E3-0AA3-381C-8DC3-AF0AFBD31D26}.Release|x64.ActiveCfg = Release|x64
		{7D0C61E3-0AA3-381C-8DC3-AF0AFBD31D26}.Release|x64.Build.0 = Release|x64
		{DCFBC6A8-05C8-3E1C-A192-3314A50BDFB3}.Debug|x64.ActiveCfg = Debug|x64
		{DCFBC6A8-05C8-3E1C-A192-3314A50BDFB3}.Debug|x64.Build.0 = Debug|x64
		{DCFBC6A8-05C8-3E1C-A192-3314A50BDFB3}.Release|x64.ActiveCfg = Release|x64
		{DCFBC6A8-05C8-3E1C-A192-3314A50BDFB3}.Release|x64.Build.0 = Release|x64
		{4E81E355-F6C1-38C0-A90F-5F7895C7B3BD}.Debug|x64.ActiveCfg = Debug|x64
		{4E81E355-F6C1-38C0-A90F-5F7895C7B3BD}.Debug|x64.Build.0 = Debug|x64
		{4E81E355-F6C1-38C0-A90F-5F7895C7B3BD}.Release|x64.ActiveCfg = Release|x64
		{4E81E355-F6C1-38C0-A90F-5F7895C7B3BD}.Release|x64.Build.0 = Release|x64
		{53A5F1C4-A562-36F7-B728-287CCA41ED8D}.Debug|x64.ActiveCfg = Debug|x64
		{53A5F1C4-A562-36F7-B728-287CCA41ED8D}.Debug|x64.Build.0 = Debug|x64
		{53A5F1C4-A562-36F7-B728-287CCA41ED8D}.Release|x64.ActiveCfg = Release|x64
		{53A5F1C4-A562-36F7-B728-287CCA41ED8D}.Release|x64.Build.0 = Release|x64
		{7AE0437F-2A8C-3C92-B948-B43F1D548112}.Debug|x64.ActiveCfg = Debug|x64
		{7AE0437F-2A8C-3C92-B948-B43F1D548112}.Debug|x64.Build.0 = Debug|x64
		{7AE0437F-2A8C-3C92-B948-B43F1D548112}.Release|x64.ActiveCfg = Release|x64
		{7AE0437F-2A8C-3C92-B948-B43F1D548112}.Release|x64.Build.0 = Release|x64
	EndGlobalSection
	GlobalSection(SolutionProperties) = preSolution
		HideSolutionNode = FALSE
	EndGlobalSection
	GlobalSection(NestedProjects) = preSolution
		{28F7C5B7-25FC-37CE-A84F-BA780B959717} = {3C27CFE4-DE93-4BA1-AEC8-2FEE48B268D3}
		{D75C1478-9C2D-3245-92AB-BA6BCA09A05C} = {3C27CFE4-DE93-4BA1-AEC8-2FEE48B268D3}
		{786AE4D9-37D3-358B-B660-CD1CD645DBE0} = {916CA19E-BC7C-4803-B636-57D85ED13ECE}
		{C7A104F0-E331-367E-BC25-8D01C28F4468} = {916CA19E-BC7C-4803-B636-57D85ED13ECE}
		{916CA19E-BC7C-4803-B636-57D85ED13ECE} = {06C818CA-711F-4D27-979C-12B72887B8D9}
		{12F7A9C0-480C-45BA-B8B7-BC97DAFC759D} = {06C818CA-711F-4D27-979C-12B72887B8D9}
		{004BB72D-69A8-3012-AAE8-BD6244B94E50} = {12F7A9C0-480C-45BA-B8B7-BC97DAFC759D}
		{5CE77063-E39C-3F08-A7F2-271E67B5EEDF} = {12F7A9C0-480C-45BA-B8B7-BC97DAFC759D}
		{EC6A1C16-EBA3-4927-99AA-12C47CD86955} = {06C818CA-711F-4D27-979C-12B72887B8D9}
		{1138085E-4459-3E1D-9B12-83FC8CC56FC2} = {EC6A1C16-EBA3-4927-99AA-12C47CD86955}
		{73897C89-CE5B-323E-9E27-405265EA6C04} = {EC6A1C16-EBA3-4927-99AA-12C47CD86955}
		{B3083858-B428-4043-A154-396524838A8D} = {06C818CA-711F-4D27-979C-12B72887B8D9}
		{5908930D-1129-30C7-B409-1235C15C9C15} = {B3083858-B428-4043-A154-396524838A8D}
		{F57A7FF2-2934-30D3-BEE0-2D4C4D6B418E} = {B3083858-B428-4043-A154-396524838A8D}
		{A67B53E5-0CEF-4785-8970-712B4C62C9DB} = {06C818CA-711F-4D27-979C-12B72887B8D9}
		{B78A2E43-ED4A-3B30-9C7E-392CE02505B3} = {A67B53E5-0CEF-4785-8970-712B4C62C9DB}
		{ED700743-7F66-36BA-BD91-B0A3714EEF8B} = {A67B53E5-0CEF-4785-8970-712B4C62C9DB}
		{443CF5FC-F297-4115-B327-DBD9BB99F136} = {06C818CA-711F-4D27-979C-12B72887B8D9}
		{44592D2E-7C48-3A6D-9D86-2C4D16F63FF7} = {443CF5FC-F297-4115-B327-DBD9BB99F136}
		{2A6B639C-2C3A-3907-A84B-294F861F3575} = {443CF5FC-F297-4115-B327-DBD9BB99F136}
		{FCED881B-7DE7-48A2-94CD-6203C82BACBF} = {06C818CA-711F-4D27-979C-12B72887B8D9}
		{B2C60A44-F5A1-3A4D-B28F-205572073529} = {FCED881B-7DE7-48A2-94CD-6203C82BACBF}
		{BFCEA3E4-D5BF-3971-BAD8-9B293D9E139F} = {FCED881B-7DE7-48A2-94CD-6203C82BACBF}
		{C097BCA2-4C53-4C72-83FE-39105962F884} = {06C818CA-711F-4D27-979C-12B72887B8D9}
		{3854FDDA-6D5C-3C09-A43D-A2C5D17ED974} = {C097BCA2-4C53-4C72-83FE-39105962F884}
		{8BEB7E49-991A-380A-BDE9-296855FF81ED} = {C097BCA2-4C53-4C72-83FE-39105962F884}
		{87B81CDF-E901-4B0A-98C1-A92B4FF65E04} = {06C818CA-711F-4D27-979C-12B72887B8D9}
		{AA5B4A5A-9944-3FBE-AB0D-671E0E82548C} = {87B81CDF-E901-4B0A-98C1-A92B4FF65E04}
		{5710EAA0-CF55-3D95-9CD3-A4049615B9EF} = {87B81CDF-E901-4B0A-98C1-A92B4FF65E04}
		{34ABB709-0C91-4940-92AC-DAB1F29BC905} = {06C818CA-711F-4D27-979C-12B72887B8D9}
		{FF5C60B9-2FD6-36AC-A509-5C94EDF34BE0} = {34ABB709-0C91-4940-92AC-DAB1F29BC905}
		{7D0C61E3-0AA3-381C-8DC3-AF0AFBD31D26} = {34ABB709-0C91-4940-92AC-DAB1F29BC905}
		{543D8E69-7632-4500-8E37-6E510DFE91F6} = {06C818CA-711F-4D27-979C-12B72887B8D9}
		{DCFBC6A8-05C8-3E1C-A192-3314A50BDFB3} = {543D8E69-7632-4500-8E37-6E510DFE91F6}
		{4E81E355-F6C1-38C0-A90F-5F7895C7B3BD} = {543D8E69-7632-4500-8E37-6E510DFE91F6}
		{2776258E-48EA-46B9-A2C4-FC741969F66F} = {06C818CA-711F-4D27-979C-12B72887B8D9}
		{53A5F1C4-A562-36F7-B728-287CCA41ED8D} = {2776258E-48EA-46B9-A2C4-FC741969F66F}
		{7AE0437F-2A8C-3C92-B948-B43F1D548112} = {2776258E-48EA-46B9-A2C4-FC741969F66F}
	EndGlobalSection
	GlobalSection(ExtensibilityGlobals) = postSolution
		SolutionGuid = {57D9DB07-8CA0-3A2D-82F4-7F7294EBC2F3}
	EndGlobalSection
EndGlobal
